Microsoft Visual Studio Solution File, Format Version 11.00
# Visual Studio 2008

Project("{29B560D8-DF02-5503-E488-E811C598DBD7}") = "WinterTerm_CGrant_UnityPro2_v1", "Assembly-CSharp.csproj", "{5AE7F471-AB47-8D70-5D8E-CF2758933F97}"
EndProject
Project("{29B560D8-DF02-5503-E488-E811C598DBD7}") = "WinterTerm_CGrant_UnityPro2_v1", "Assembly-CSharp-Editor.csproj", "{132D7521-D3AB-2B00-8BD7-8290F78F2AC6}"
EndProject
Global
	GlobalSection(SolutionConfigurationPlatforms) = preSolution
		Debug|Any CPU = Debug|Any CPU
		Release|Any CPU = Release|Any CPU
	EndGlobalSection
	GlobalSection(ProjectConfigurationPlatforms) = postSolution
		{5AE7F471-AB47-8D70-5D8E-CF2758933F97}.Debug|Any CPU.ActiveCfg = Debug|Any CPU
		{5AE7F471-AB47-8D70-5D8E-CF2758933F97}.Debug|Any CPU.Build.0 = Debug|Any CPU
		{5AE7F471-AB47-8D70-5D8E-CF2758933F97}.Release|Any CPU.ActiveCfg = Release|Any CPU
		{5AE7F471-AB47-8D70-5D8E-CF2758933F97}.Release|Any CPU.Build.0 = Release|Any CPU
		{132D7521-D3AB-2B00-8BD7-8290F78F2AC6}.Debug|Any CPU.ActiveCfg = Debug|Any CPU
		{132D7521-D3AB-2B00-8BD7-8290F78F2AC6}.Debug|Any CPU.Build.0 = Debug|Any CPU
		{132D7521-D3AB-2B00-8BD7-8290F78F2AC6}.Release|Any CPU.ActiveCfg = Release|Any CPU
		{132D7521-D3AB-2B00-8BD7-8290F78F2AC6}.Release|Any CPU.Build.0 = Release|Any CPU
	EndGlobalSection
	GlobalSection(SolutionProperties) = preSolution
		HideSolutionNode = FALSE
	EndGlobalSection
	GlobalSection(MonoDevelopProperties) = preSolution
		StartupItem = Assembly-CSharp.csproj
	EndGlobalSection
EndGlobal
